
Microsoft Visual Studio Solution File, Format Version 12.00
# Visual Studio Version 17
VisualStudioVersion = 17.3.32901.215
MinimumVisualStudioVersion = 10.0.40219.1
Project("{FAE04EC0-301F-11D3-BF4B-00C04F79EFBC}") = "string ornekleri 1120", "string ornekleri 1120\string ornekleri 1120.csproj", "{0297BBBF-9162-4E27-B092-713F578F2C02}"
EndProject
Global
	GlobalSection(SolutionConfigurationPlatforms) = preSolution
		Debug|Any CPU = Debug|Any CPU
		Release|Any CPU = Release|Any CPU
	EndGlobalSection
	GlobalSection(ProjectConfigurationPlatforms) = postSolution
		{0297BBBF-9162-4E27-B092-713F578F2C02}.Debug|Any CPU.ActiveCfg = Debug|Any CPU
		{0297BBBF-9162-4E27-B092-713F578F2C02}.Debug|Any CPU.Build.0 = Debug|Any CPU
		{0297BBBF-9162-4E27-B092-713F578F2C02}.Release|Any CPU.ActiveCfg = Release|Any CPU
		{0297BBBF-9162-4E27-B092-713F578F2C02}.Release|Any CPU.Build.0 = Release|Any CPU
	EndGlobalSection
	GlobalSection(SolutionProperties) = preSolution
		HideSolutionNode = FALSE
	EndGlobalSection
	GlobalSection(ExtensibilityGlobals) = postSolution
		SolutionGuid = {B5D117E6-38A2-498A-ADF5-3E25A94BDB22}
	EndGlobalSection
EndGlobal
